
Microsoft Visual Studio Solution File, Format Version 12.00
# Visual Studio Version 16
VisualStudioVersion = 16.0.31911.196
MinimumVisualStudioVersion = 10.0.40219.1
Project("{FAE04EC0-301F-11D3-BF4B-00C04F79EFBC}") = "CRUD.netCore", "CRUD.netCore\CRUD.netCore.csproj", "{D33CD81B-A799-4175-A600-6FBD1F86F4F0}"
EndProject
Global
	GlobalSection(SolutionConfigurationPlatforms) = preSolution
		Debug|Any CPU = Debug|Any CPU
		Release|Any CPU = Release|Any CPU
	EndGlobalSection
	GlobalSection(ProjectConfigurationPlatforms) = postSolution
		{D33CD81B-A799-4175-A600-6FBD1F86F4F0}.Debug|Any CPU.ActiveCfg = Debug|Any CPU
		{D33CD81B-A799-4175-A600-6FBD1F86F4F0}.Debug|Any CPU.Build.0 = Debug|Any CPU
		{D33CD81B-A799-4175-A600-6FBD1F86F4F0}.Release|Any CPU.ActiveCfg = Release|Any CPU
		{D33CD81B-A799-4175-A600-6FBD1F86F4F0}.Release|Any CPU.Build.0 = Release|Any CPU
	EndGlobalSection
	GlobalSection(SolutionProperties) = preSolution
		HideSolutionNode = FALSE
	EndGlobalSection
	GlobalSection(ExtensibilityGlobals) = postSolution
		SolutionGuid = {3B543E10-E394-41E6-BE1D-A2A6A13CF8AC}
	EndGlobalSection
EndGlobal
